// !$*UTF8*$!
{
	archiveVersion = 1;
	classes = {
	};
	objectVersion = 50;
	objects = {

/* Begin PBXBuildFile section */
		8931A8C12138578200BD2037 /* AppDelegate.swift in Sources */ = {isa = PBXBuildFile; fileRef = 8931A8C02138578200BD2037 /* AppDelegate.swift */; };
		8931A8C32138578200BD2037 /* ViewController.swift in Sources */ = {isa = PBXBuildFile; fileRef = 8931A8C22138578200BD2037 /* ViewController.swift */; };
		8931A8C52138578400BD2037 /* Assets.xcassets in Resources */ = {isa = PBXBuildFile; fileRef = 8931A8C42138578400BD2037 /* Assets.xcassets */; };
		8931A8C82138578400BD2037 /* Main.storyboard in Resources */ = {isa = PBXBuildFile; fileRef = 8931A8C62138578400BD2037 /* Main.storyboard */; };
		8931A8D42138578400BD2037 /* l2qqTests.swift in Sources */ = {isa = PBXBuildFile; fileRef = 8931A8D32138578400BD2037 /* l2qqTests.swift */; };
		8931A8DF2138578400BD2037 /* l2qqUITests.swift in Sources */ = {isa = PBXBuildFile; fileRef = 8931A8DE2138578400BD2037 /* l2qqUITests.swift */; };
		8931A8F32138579F00BD2037 /* Cocoa.framework in Frameworks */ = {isa = PBXBuildFile; fileRef = 8931A8F22138579F00BD2037 /* Cocoa.framework */; };
		8931A8F62138579F00BD2037 /* SafariExtensionHandler.swift in Sources */ = {isa = PBXBuildFile; fileRef = 8931A8F52138579F00BD2037 /* SafariExtensionHandler.swift */; };
		8931A8F82138579F00BD2037 /* SafariExtensionViewController.swift in Sources */ = {isa = PBXBuildFile; fileRef = 8931A8F72138579F00BD2037 /* SafariExtensionViewController.swift */; };
		8931A8FB2138579F00BD2037 /* SafariExtensionViewController.xib in Resources */ = {isa = PBXBuildFile; fileRef = 8931A8F92138579F00BD2037 /* SafariExtensionViewController.xib */; };
		8931A8FE2138579F00BD2037 /* script.js in Resources */ = {isa = PBXBuildFile; fileRef = 8931A8FD2138579F00BD2037 /* script.js */; };
		8931A9002138579F00BD2037 /* ToolbarItemIcon.pdf in Resources */ = {isa = PBXBuildFile; fileRef = 8931A8FF2138579F00BD2037 /* ToolbarItemIcon.pdf */; };
		8931A9042138579F00BD2037 /* signapp.appex in Embed App Extensions */ = {isa = PBXBuildFile; fileRef = 8931A8F02138579F00BD2037 /* signapp.appex */; settings = {ATTRIBUTES = (RemoveHeadersOnCopy, ); }; };
/* End PBXBuildFile section */

/* Begin PBXContainerItemProxy section */
		8931A8D02138578400BD2037 /* PBXContainerItemProxy */ = {
			isa = PBXContainerItemProxy;
			containerPortal = 8931A8B52138578200BD2037 /* Project object */;
			proxyType = 1;
			remoteGlobalIDString = 8931A8BC2138578200BD2037;
			remoteInfo = l2qq;
		};
		8931A8DB2138578400BD2037 /* PBXContainerItemProxy */ = {
			isa = PBXContainerItemProxy;
			containerPortal = 8931A8B52138578200BD2037 /* Project object */;
			proxyType = 1;
			remoteGlobalIDString = 8931A8BC2138578200BD2037;
			remoteInfo = l2qq;
		};
		8931A9022138579F00BD2037 /* PBXContainerItemProxy */ = {
			isa = PBXContainerItemProxy;
			containerPortal = 8931A8B52138578200BD2037 /* Project object */;
			proxyType = 1;
			remoteGlobalIDString = 8931A8EF2138579F00BD2037;
			remoteInfo = signapp;
		};
/* End PBXContainerItemProxy section */

/* Begin PBXCopyFilesBuildPhase section */
		8931A9082138579F00BD2037 /* Embed App Extensions */ = {
			isa = PBXCopyFilesBuildPhase;
			buildActionMask = 2147483647;
			dstPath = "";
			dstSubfolderSpec = 13;
			files = (
				8931A9042138579F00BD2037 /* signapp.appex in Embed App Extensions */,
			);
			name = "Embed App Extensions";
			runOnlyForDeploymentPostprocessing = 0;
		};
/* End PBXCopyFilesBuildPhase section */

/* Begin PBXFileReference section */
		8931A8BD2138578200BD2037 /* l2qq.app */ = {isa = PBXFileReference; explicitFileType = wrapper.application; includeInIndex = 0; path = l2qq.app; sourceTree = BUILT_PRODUCTS_DIR; };
		8931A8C02138578200BD2037 /* AppDelegate.swift */ = {isa = PBXFileReference; lastKnownFileType = sourcecode.swift; path = AppDelegate.swift; sourceTree = "<group>"; };
		8931A8C22138578200BD2037 /* ViewController.swift */ = {isa = PBXFileReference; lastKnownFileType = sourcecode.swift; path = ViewController.swift; sourceTree = "<group>"; };
		8931A8C42138578400BD2037 /* Assets.xcassets */ = {isa = PBXFileReference; lastKnownFileType = folder.assetcatalog; path = Assets.xcassets; sourceTree = "<group>"; };
		8931A8C72138578400BD2037 /* Base */ = {isa = PBXFileReference; lastKnownFileType = file.storyboard; name = Base; path = Base.lproj/Main.storyboard; sourceTree = "<group>"; };
		8931A8C92138578400BD2037 /* Info.plist */ = {isa = PBXFileReference; lastKnownFileType = text.plist.xml; path = Info.plist; sourceTree = "<group>"; };
		8931A8CA2138578400BD2037 /* l2qq.entitlements */ = {isa = PBXFileReference; lastKnownFileType = text.plist.entitlements; path = l2qq.entitlements; sourceTree = "<group>"; };
		8931A8CF2138578400BD2037 /* l2qqTests.xctest */ = {isa = PBXFileReference; explicitFileType = wrapper.cfbundle; includeInIndex = 0; path = l2qqTests.xctest; sourceTree = BUILT_PRODUCTS_DIR; };
		8931A8D32138578400BD2037 /* l2qqTests.swift */ = {isa = PBXFileReference; lastKnownFileType = sourcecode.swift; path = l2qqTests.swift; sourceTree = "<group>"; };
		8931A8D52138578400BD2037 /* Info.plist */ = {isa = PBXFileReference; lastKnownFileType = text.plist.xml; path = Info.plist; sourceTree = "<group>"; };
		8931A8DA2138578400BD2037 /* l2qqUITests.xctest */ = {isa = PBXFileReference; explicitFileType = wrapper.cfbundle; includeInIndex = 0; path = l2qqUITests.xctest; sourceTree = BUILT_PRODUCTS_DIR; };
		8931A8DE2138578400BD2037 /* l2qqUITests.swift */ = {isa = PBXFileReference; lastKnownFileType = sourcecode.swift; path = l2qqUITests.swift; sourceTree = "<group>"; };
		8931A8E02138578400BD2037 /* Info.plist */ = {isa = PBXFileReference; lastKnownFileType = text.plist.xml; path = Info.plist; sourceTree = "<group>"; };
		8931A8F02138579F00BD2037 /* signapp.appex */ = {isa = PBXFileReference; explicitFileType = "wrapper.app-extension"; includeInIndex = 0; path = signapp.appex; sourceTree = BUILT_PRODUCTS_DIR; };
		8931A8F22138579F00BD2037 /* Cocoa.framework */ = {isa = PBXFileReference; lastKnownFileType = wrapper.framework; name = Cocoa.framework; path = System/Library/Frameworks/Cocoa.framework; sourceTree = SDKROOT; };
		8931A8F52138579F00BD2037 /* SafariExtensionHandler.swift */ = {isa = PBXFileReference; lastKnownFileType = sourcecode.swift; path = SafariExtensionHandler.swift; sourceTree = "<group>"; };
		8931A8F72138579F00BD2037 /* SafariExtensionViewController.swift */ = {isa = PBXFileReference; lastKnownFileType = sourcecode.swift; path = SafariExtensionViewController.swift; sourceTree = "<group>"; };
		8931A8FA2138579F00BD2037 /* Base */ = {isa = PBXFileReference; lastKnownFileType = file.xib; name = Base; path = Base.lproj/SafariExtensionViewController.xib; sourceTree = "<group>"; };
		8931A8FC2138579F00BD2037 /* Info.plist */ = {isa = PBXFileReference; lastKnownFileType = text.plist.xml; path = Info.plist; sourceTree = "<group>"; };
		8931A8FD2138579F00BD2037 /* script.js */ = {isa = PBXFileReference; lastKnownFileType = sourcecode.javascript; path = script.js; sourceTree = "<group>"; };
		8931A8FF2138579F00BD2037 /* ToolbarItemIcon.pdf */ = {isa = PBXFileReference; lastKnownFileType = image.pdf; path = ToolbarItemIcon.pdf; sourceTree = "<group>"; };
		8931A9012138579F00BD2037 /* signapp.entitlements */ = {isa = PBXFileReference; lastKnownFileType = text.plist.entitlements; path = signapp.entitlements; sourceTree = "<group>"; };
/* End PBXFileReference section */

/* Begin PBXFrameworksBuildPhase section */
		8931A8BA2138578200BD2037 /* Frameworks */ = {
			isa = PBXFrameworksBuildPhase;
			buildActionMask = 2147483647;
			files = (
			);
			runOnlyForDeploymentPostprocessing = 0;
		};
		8931A8CC2138578400BD2037 /* Frameworks */ = {
			isa = PBXFrameworksBuildPhase;
			buildActionMask = 2147483647;
			files = (
			);
			runOnlyForDeploymentPostprocessing = 0;
		};
		8931A8D72138578400BD2037 /* Frameworks */ = {
			isa = PBXFrameworksBuildPhase;
			buildActionMask = 2147483647;
			files = (
			);
			runOnlyForDeploymentPostprocessing = 0;
		};
		8931A8ED2138579F00BD2037 /* Frameworks */ = {
			isa = PBXFrameworksBuildPhase;
			buildActionMask = 2147483647;
			files = (
				8931A8F32138579F00BD2037 /* Cocoa.framework in Frameworks */,
			);
			runOnlyForDeploymentPostprocessing = 0;
		};
/* End PBXFrameworksBuildPhase section */

/* Begin PBXGroup section */
		8931A8B42138578200BD2037 = {
			isa = PBXGroup;
			children = (
				8931A8BF2138578200BD2037 /* l2qq */,
				8931A8D22138578400BD2037 /* l2qqTests */,
				8931A8DD2138578400BD2037 /* l2qqUITests */,
				8931A8F42138579F00BD2037 /* signapp */,
				8931A8F12138579F00BD2037 /* Frameworks */,
				8931A8BE2138578200BD2037 /* Products */,
			);
			sourceTree = "<group>";
		};
		8931A8BE2138578200BD2037 /* Products */ = {
			isa = PBXGroup;
			children = (
				8931A8BD2138578200BD2037 /* l2qq.app */,
				8931A8CF2138578400BD2037 /* l2qqTests.xctest */,
				8931A8DA2138578400BD2037 /* l2qqUITests.xctest */,
				8931A8F02138579F00BD2037 /* signapp.appex */,
			);
			name = Products;
			sourceTree = "<group>";
		};
		8931A8BF2138578200BD2037 /* l2qq */ = {
			isa = PBXGroup;
			children = (
				8931A8C02138578200BD2037 /* AppDelegate.swift */,
				8931A8C22138578200BD2037 /* ViewController.swift */,
				8931A8C42138578400BD2037 /* Assets.xcassets */,
				8931A8C62138578400BD2037 /* Main.storyboard */,
				8931A8C92138578400BD2037 /* Info.plist */,
				8931A8CA2138578400BD2037 /* l2qq.entitlements */,
			);
			path = l2qq;
			sourceTree = "<group>";
		};
		8931A8D22138578400BD2037 /* l2qqTests */ = {
			isa = PBXGroup;
			children = (
				8931A8D32138578400BD2037 /* l2qqTests.swift */,
				8931A8D52138578400BD2037 /* Info.plist */,
			);
			path = l2qqTests;
			sourceTree = "<group>";
		};
		8931A8DD2138578400BD2037 /* l2qqUITests */ = {
			isa = PBXGroup;
			children = (
				8931A8DE2138578400BD2037 /* l2qqUITests.swift */,
				8931A8E02138578400BD2037 /* Info.plist */,
			);
			path = l2qqUITests;
			sourceTree = "<group>";
		};
		8931A8F12138579F00BD2037 /* Frameworks */ = {
			isa = PBXGroup;
			children = (
				8931A8F22138579F00BD2037 /* Cocoa.framework */,
			);
			name = Frameworks;
			sourceTree = "<group>";
		};
		8931A8F42138579F00BD2037 /* signapp */ = {
			isa = PBXGroup;
			children = (
				8931A8F52138579F00BD2037 /* SafariExtensionHandler.swift */,
				8931A8F72138579F00BD2037 /* SafariExtensionViewController.swift */,
				8931A8F92138579F00BD2037 /* SafariExtensionViewController.xib */,
				8931A8FC2138579F00BD2037 /* Info.plist */,
				8931A8FD2138579F00BD2037 /* script.js */,
				8931A8FF2138579F00BD2037 /* ToolbarItemIcon.pdf */,
				8931A9012138579F00BD2037 /* signapp.entitlements */,
			);
			path = signapp;
			sourceTree = "<group>";
		};
/* End PBXGroup section */

/* Begin PBXNativeTarget section */
		8931A8BC2138578200BD2037 /* l2qq */ = {
			isa = PBXNativeTarget;
			buildConfigurationList = 8931A8E32138578400BD2037 /* Build configuration list for PBXNativeTarget "l2qq" */;
			buildPhases = (
				8931A8B92138578200BD2037 /* Sources */,
				8931A8BA2138578200BD2037 /* Frameworks */,
				8931A8BB2138578200BD2037 /* Resources */,
				8931A9082138579F00BD2037 /* Embed App Extensions */,
			);
			buildRules = (
			);
			dependencies = (
				8931A9032138579F00BD2037 /* PBXTargetDependency */,
			);
			name = l2qq;
			productName = l2qq;
			productReference = 8931A8BD2138578200BD2037 /* l2qq.app */;
			productType = "com.apple.product-type.application";
		};
		8931A8CE2138578400BD2037 /* l2qqTests */ = {
			isa = PBXNativeTarget;
			buildConfigurationList = 8931A8E62138578400BD2037 /* Build configuration list for PBXNativeTarget "l2qqTests" */;
			buildPhases = (
				8931A8CB2138578400BD2037 /* Sources */,
				8931A8CC2138578400BD2037 /* Frameworks */,
				8931A8CD2138578400BD2037 /* Resources */,
			);
			buildRules = (
			);
			dependencies = (
				8931A8D12138578400BD2037 /* PBXTargetDependency */,
			);
			name = l2qqTests;
			productName = l2qqTests;
			productReference = 8931A8CF2138578400BD2037 /* l2qqTests.xctest */;
			productType = "com.apple.product-type.bundle.unit-test";
		};
		8931A8D92138578400BD2037 /* l2qqUITests */ = {
			isa = PBXNativeTarget;
			buildConfigurationList = 8931A8E92138578400BD2037 /* Build configuration list for PBXNativeTarget "l2qqUITests" */;
			buildPhases = (
				8931A8D62138578400BD2037 /* Sources */,
				8931A8D72138578400BD2037 /* Frameworks */,
				8931A8D82138578400BD2037 /* Resources */,
			);
			buildRules = (
			);
			dependencies = (
				8931A8DC2138578400BD2037 /* PBXTargetDependency */,
			);
			name = l2qqUITests;
			productName = l2qqUITests;
			productReference = 8931A8DA2138578400BD2037 /* l2qqUITests.xctest */;
			productType = "com.apple.product-type.bundle.ui-testing";
		};
		8931A8EF2138579F00BD2037 /* signapp */ = {
			isa = PBXNativeTarget;
			buildConfigurationList = 8931A9052138579F00BD2037 /* Build configuration list for PBXNativeTarget "signapp" */;
			buildPhases = (
				8931A8EC2138579F00BD2037 /* Sources */,
				8931A8ED2138579F00BD2037 /* Frameworks */,
				8931A8EE2138579F00BD2037 /* Resources */,
			);
			buildRules = (
			);
			dependencies = (
			);
			name = signapp;
			productName = signapp;
			productReference = 8931A8F02138579F00BD2037 /* signapp.appex */;
			productType = "com.apple.product-type.app-extension";
		};
/* End PBXNativeTarget section */

/* Begin PBXProject section */
		8931A8B52138578200BD2037 /* Project object */ = {
			isa = PBXProject;
			attributes = {
				LastSwiftUpdateCheck = 1000;
				LastUpgradeCheck = 1000;
				ORGANIZATIONNAME = l2;
				TargetAttributes = {
					8931A8BC2138578200BD2037 = {
						CreatedOnToolsVersion = 10.0;
					};
					8931A8CE2138578400BD2037 = {
						CreatedOnToolsVersion = 10.0;
						TestTargetID = 8931A8BC2138578200BD2037;
					};
					8931A8D92138578400BD2037 = {
						CreatedOnToolsVersion = 10.0;
						TestTargetID = 8931A8BC2138578200BD2037;
					};
					8931A8EF2138579F00BD2037 = {
						CreatedOnToolsVersion = 10.0;
					};
				};
			};
			buildConfigurationList = 8931A8B82138578200BD2037 /* Build configuration list for PBXProject "l2qq" */;
			compatibilityVersion = "Xcode 9.3";
			developmentRegion = en;
			hasScannedForEncodings = 0;
			knownRegions = (
				en,
				Base,
			);
			mainGroup = 8931A8B42138578200BD2037;
			productRefGroup = 8931A8BE2138578200BD2037 /* Products */;
			projectDirPath = "";
			projectRoot = "";
			targets = (
				8931A8BC2138578200BD2037 /* l2qq */,
				8931A8CE2138578400BD2037 /* l2qqTests */,
				8931A8D92138578400BD2037 /* l2qqUITests */,
				8931A8EF2138579F00BD2037 /* signapp */,
			);
		};
/* End PBXProject section */

/* Begin PBXResourcesBuildPhase section */
		8931A8BB2138578200BD2037 /* Resources */ = {
			isa = PBXResourcesBuildPhase;
			buildActionMask = 2147483647;
			files = (
				8931A8C52138578400BD2037 /* Assets.xcassets in Resources */,
				8931A8C82138578400BD2037 /* Main.storyboard in Resources */,
			);
			runOnlyForDeploymentPostprocessing = 0;
		};
		8931A8CD2138578400BD2037 /* Resources */ = {
			isa = PBXResourcesBuildPhase;
			buildActionMask = 2147483647;
			files = (
			);
			runOnlyForDeploymentPostprocessing = 0;
		};
		8931A8D82138578400BD2037 /* Resources */ = {
			isa = PBXResourcesBuildPhase;
			buildActionMask = 2147483647;
			files = (
			);
			runOnlyForDeploymentPostprocessing = 0;
		};
		8931A8EE2138579F00BD2037 /* Resources */ = {
			isa = PBXResourcesBuildPhase;
			buildActionMask = 2147483647;
			files = (
				8931A9002138579F00BD2037 /* ToolbarItemIcon.pdf in Resources */,
				8931A8FB2138579F00BD2037 /* SafariExtensionViewController.xib in Resources */,
				8931A8FE2138579F00BD2037 /* script.js in Resources */,
			);
			runOnlyForDeploymentPostprocessing = 0;
		};
/* End PBXResourcesBuildPhase section */

/* Begin PBXSourcesBuildPhase section */
		8931A8B92138578200BD2037 /* Sources */ = {
			isa = PBXSourcesBuildPhase;
			buildActionMask = 2147483647;
			files = (
				8931A8C32138578200BD2037 /* ViewController.swift in Sources */,
				8931A8C12138578200BD2037 /* AppDelegate.swift in Sources */,
			);
			runOnlyForDeploymentPostprocessing = 0;
		};
		8931A8CB2138578400BD2037 /* Sources */ = {
			isa = PBXSourcesBuildPhase;
			buildActionMask = 2147483647;
			files = (
				8931A8D42138578400BD2037 /* l2qqTests.swift in Sources */,
			);
			runOnlyForDeploymentPostprocessing = 0;
		};
		8931A8D62138578400BD2037 /* Sources */ = {
			isa = PBXSourcesBuildPhase;
			buildActionMask = 2147483647;
			files = (
				8931A8DF2138578400BD2037 /* l2qqUITests.swift in Sources */,
			);
			runOnlyForDeploymentPostprocessing = 0;
		};
		8931A8EC2138579F00BD2037 /* Sources */ = {
			isa = PBXSourcesBuildPhase;
			buildActionMask = 2147483647;
			files = (
				8931A8F82138579F00BD2037 /* SafariExtensionViewController.swift in Sources */,
				8931A8F62138579F00BD2037 /* SafariExtensionHandler.swift in Sources */,
			);
			runOnlyForDeploymentPostprocessing = 0;
		};
/* End PBXSourcesBuildPhase section */

/* Begin PBXTargetDependency section */
		8931A8D12138578400BD2037 /* PBXTargetDependency */ = {
			isa = PBXTargetDependency;
			target = 8931A8BC2138578200BD2037 /* l2qq */;
			targetProxy = 8931A8D02138578400BD2037 /* PBXContainerItemProxy */;
		};
		8931A8DC2138578400BD2037 /* PBXTargetDependency */ = {
			isa = PBXTargetDependency;
			target = 8931A8BC2138578200BD2037 /* l2qq */;
			targetProxy = 8931A8DB2138578400BD2037 /* PBXContainerItemProxy */;
		};
		8931A9032138579F00BD2037 /* PBXTargetDependency */ = {
			isa = PBXTargetDependency;
			target = 8931A8EF2138579F00BD2037 /* signapp */;
			targetProxy = 8931A9022138579F00BD2037 /* PBXContainerItemProxy */;
		};
/* End PBXTargetDependency section */

/* Begin PBXVariantGroup section */
		8931A8C62138578400BD2037 /* Main.storyboard */ = {
			isa = PBXVariantGroup;
			children = (
				8931A8C72138578400BD2037 /* Base */,
			);
			name = Main.storyboard;
			sourceTree = "<group>";
		};
		8931A8F92138579F00BD2037 /* SafariExtensionViewController.xib */ = {
			isa = PBXVariantGroup;
			children = (
				8931A8FA2138579F00BD2037 /* Base */,
			);
			name = SafariExtensionViewController.xib;
			sourceTree = "<group>";
		};
/* End PBXVariantGroup section */

/* Begin XCBuildConfiguration section */
		8931A8E12138578400BD2037 /* Debug */ = {
			isa = XCBuildConfiguration;
			buildSettings = {
				ALWAYS_SEARCH_USER_PATHS = NO;
				CLANG_ANALYZER_NONNULL = YES;
				CLANG_ANALYZER_NUMBER_OBJECT_CONVERSION = YES_AGGRESSIVE;
				CLANG_CXX_LANGUAGE_STANDARD = "gnu++14";
				CLANG_CXX_LIBRARY = "libc++";
				CLANG_ENABLE_MODULES = YES;
				CLANG_ENABLE_OBJC_ARC = YES;
				CLANG_ENABLE_OBJC_WEAK = YES;
				CLANG_WARN_BLOCK_CAPTURE_AUTORELEASING = YES;
				CLANG_WARN_BOOL_CONVERSION = YES;
				CLANG_WARN_COMMA = YES;
				CLANG_WARN_CONSTANT_CONVERSION = YES;
				CLANG_WARN_DEPRECATED_OBJC_IMPLEMENTATIONS = YES;
				CLANG_WARN_DIRECT_OBJC_ISA_USAGE = YES_ERROR;
				CLANG_WARN_DOCUMENTATION_COMMENTS = YES;
				CLANG_WARN_EMPTY_BODY = YES;
				CLANG_WARN_ENUM_CONVERSION = YES;
				CLANG_WARN_INFINITE_RECURSION = YES;
				CLANG_WARN_INT_CONVERSION = YES;
				CLANG_WARN_NON_LITERAL_NULL_CONVERSION = YES;
				CLANG_WARN_OBJC_IMPLICIT_RETAIN_SELF = YES;
				CLANG_WARN_OBJC_LITERAL_CONVERSION = YES;
				CLANG_WARN_OBJC_ROOT_CLASS = YES_ERROR;
				CLANG_WARN_RANGE_LOOP_ANALYSIS = YES;
				CLANG_WARN_STRICT_PROTOTYPES = YES;
				CLANG_WARN_SUSPICIOUS_MOVE = YES;
				CLANG_WARN_UNGUARDED_AVAILABILITY = YES_AGGRESSIVE;
				CLANG_WARN_UNREACHABLE_CODE = YES;
				CLANG_WARN__DUPLICATE_METHOD_MATCH = YES;
				CODE_SIGN_IDENTITY = "Mac Developer";
				COPY_PHASE_STRIP = NO;
				DEBUG_INFORMATION_FORMAT = dwarf;
				ENABLE_STRICT_OBJC_MSGSEND = YES;
				ENABLE_TESTABILITY = YES;
				GCC_C_LANGUAGE_STANDARD = gnu11;
				GCC_DYNAMIC_NO_PIC = NO;
				GCC_NO_COMMON_BLOCKS = YES;
				GCC_OPTIMIZATION_LEVEL = 0;
				GCC_PREPROCESSOR_DEFINITIONS = (
					"DEBUG=1",
					"$(inherited)",
				);
				GCC_WARN_64_TO_32_BIT_CONVERSION = YES;
				GCC_WARN_ABOUT_RETURN_TYPE = YES_ERROR;
				GCC_WARN_UNDECLARED_SELECTOR = YES;
				GCC_WARN_UNINITIALIZED_AUTOS = YES_AGGRESSIVE;
				GCC_WARN_UNUSED_FUNCTION = YES;
				GCC_WARN_UNUSED_VARIABLE = YES;
				MACOSX_DEPLOYMENT_TARGET = 10.14;
				MTL_ENABLE_DEBUG_INFO = INCLUDE_SOURCE;
				MTL_FAST_MATH = YES;
				ONLY_ACTIVE_ARCH = YES;
				SDKROOT = macosx;
				SWIFT_ACTIVE_COMPILATION_CONDITIONS = DEBUG;
				SWIFT_OPTIMIZATION_LEVEL = "-Onone";
			};
			name = Debug;
		};
		8931A8E22138578400BD2037 /* Release */ = {
			isa = XCBuildConfiguration;
			buildSettings = {
				ALWAYS_SEARCH_USER_PATHS = NO;
				CLANG_ANALYZER_NONNULL = YES;
				CLANG_ANALYZER_NUMBER_OBJECT_CONVERSION = YES_AGGRESSIVE;
				CLANG_CXX_LANGUAGE_STANDARD = "gnu++14";
				CLANG_CXX_LIBRARY = "libc++";
				CLANG_ENABLE_MODULES = YES;
				CLANG_ENABLE_OBJC_ARC = YES;
				CLANG_ENABLE_OBJC_WEAK = YES;
				CLANG_WARN_BLOCK_CAPTURE_AUTORELEASING = YES;
				CLANG_WARN_BOOL_CONVERSION = YES;
				CLANG_WARN_COMMA = YES;
				CLANG_WARN_CONSTANT_CONVERSION = YES;
				CLANG_WARN_DEPRECATED_OBJC_IMPLEMENTATIONS = YES;
				CLANG_WARN_DIRECT_OBJC_ISA_USAGE = YES_ERROR;
				CLANG_WARN_DOCUMENTATION_COMMENTS = YES;
				CLANG_WARN_EMPTY_BODY = YES;
				CLANG_WARN_ENUM_CONVERSION = YES;
				CLANG_WARN_INFINITE_RECURSION = YES;
				CLANG_WARN_INT_CONVERSION = YES;
				CLANG_WARN_NON_LITERAL_NULL_CONVERSION = YES;
				CLANG_WARN_OBJC_IMPLICIT_RETAIN_SELF = YES;
				CLANG_WARN_OBJC_LITERAL_CONVERSION = YES;
				CLANG_WARN_OBJC_ROOT_CLASS = YES_ERROR;
				CLANG_WARN_RANGE_LOOP_ANALYSIS = YES;
				CLANG_WARN_STRICT_PROTOTYPES = YES;
				CLANG_WARN_SUSPICIOUS_MOVE = YES;
				CLANG_WARN_UNGUARDED_AVAILABILITY = YES_AGGRESSIVE;
				CLANG_WARN_UNREACHABLE_CODE = YES;
				CLANG_WARN__DUPLICATE_METHOD_MATCH = YES;
				CODE_SIGN_IDENTITY = "Mac Developer";
				COPY_PHASE_STRIP = NO;
				DEBUG_INFORMATION_FORMAT = "dwarf-with-dsym";
				ENABLE_NS_ASSERTIONS = NO;
				ENABLE_STRICT_OBJC_MSGSEND = YES;
				GCC_C_LANGUAGE_STANDARD = gnu11;
				GCC_NO_COMMON_BLOCKS = YES;
				GCC_WARN_64_TO_32_BIT_CONVERSION = YES;
				GCC_WARN_ABOUT_RETURN_TYPE = YES_ERROR;
				GCC_WARN_UNDECLARED_SELECTOR = YES;
				GCC_WARN_UNINITIALIZED_AUTOS = YES_AGGRESSIVE;
				GCC_WARN_UNUSED_FUNCTION = YES;
				GCC_WARN_UNUSED_VARIABLE = YES;
				MACOSX_DEPLOYMENT_TARGET = 10.14;
				MTL_ENABLE_DEBUG_INFO = NO;
				MTL_FAST_MATH = YES;
				SDKROOT = macosx;
				SWIFT_COMPILATION_MODE = wholemodule;
				SWIFT_OPTIMIZATION_LEVEL = "-O";
			};
			name = Release;
		};
		8931A8E42138578400BD2037 /* Debug */ = {
			isa = XCBuildConfiguration;
			buildSettings = {
				ALWAYS_EMBED_SWIFT_STANDARD_LIBRARIES = YES;
				ASSETCATALOG_COMPILER_APPICON_NAME = AppIcon;
				CODE_SIGN_ENTITLEMENTS = l2qq/l2qq.entitlements;
				CODE_SIGN_STYLE = Automatic;
				COMBINE_HIDPI_IMAGES = YES;
				DEVELOPMENT_TEAM = UM224Y25DY;
				INFOPLIST_FILE = l2qq/Info.plist;
				LD_RUNPATH_SEARCH_PATHS = (
					"$(inherited)",
					"@executable_path/../Frameworks",
				);
				PRODUCT_BUNDLE_IDENTIFIER = l2.l2qq;
				PRODUCT_NAME = "$(TARGET_NAME)";
				SWIFT_VERSION = 4.2;
			};
			name = Debug;
		};
		8931A8E52138578400BD2037 /* Release */ = {
			isa = XCBuildConfiguration;
			buildSettings = {
				ALWAYS_EMBED_SWIFT_STANDARD_LIBRARIES = YES;
				ASSETCATALOG_COMPILER_APPICON_NAME = AppIcon;
				CODE_SIGN_ENTITLEMENTS = l2qq/l2qq.entitlements;
				CODE_SIGN_STYLE = Automatic;
				COMBINE_HIDPI_IMAGES = YES;
				DEVELOPMENT_TEAM = UM224Y25DY;
				INFOPLIST_FILE = l2qq/Info.plist;
				LD_RUNPATH_SEARCH_PATHS = (
					"$(inherited)",
					"@executable_path/../Frameworks",
				);
				PRODUCT_BUNDLE_IDENTIFIER = l2.l2qq;
				PRODUCT_NAME = "$(TARGET_NAME)";
				SWIFT_VERSION = 4.2;
			};
			name = Release;
		};
		8931A8E72138578400BD2037 /* Debug */ = {
			isa = XCBuildConfiguration;
			buildSettings = {
				ALWAYS_EMBED_SWIFT_STANDARD_LIBRARIES = YES;
				BUNDLE_LOADER = "$(TEST_HOST)";
				CODE_SIGN_STYLE = Automatic;
				COMBINE_HIDPI_IMAGES = YES;
				DEVELOPMENT_TEAM = UM224Y25DY;
				INFOPLIST_FILE = l2qqTests/Info.plist;
				LD_RUNPATH_SEARCH_PATHS = (
					"$(inherited)",
					"@executable_path/../Frameworks",
					"@loader_path/../Frameworks",
				);
				PRODUCT_BUNDLE_IDENTIFIER = l2.l2qqTests;
				PRODUCT_NAME = "$(TARGET_NAME)";
				SWIFT_VERSION = 4.2;
				TEST_HOST = "$(BUILT_PRODUCTS_DIR)/l2qq.app/Contents/MacOS/l2qq";
			};
			name = Debug;
		};
		8931A8E82138578400BD2037 /* Release */ = {
			isa = XCBuildConfiguration;
			buildSettings = {
				ALWAYS_EMBED_SWIFT_STANDARD_LIBRARIES = YES;
				BUNDLE_LOADER = "$(TEST_HOST)";
				CODE_SIGN_STYLE = Automatic;
				COMBINE_HIDPI_IMAGES = YES;
				DEVELOPMENT_TEAM = UM224Y25DY;
				INFOPLIST_FILE = l2qqTests/Info.plist;
				LD_RUNPATH_SEARCH_PATHS = (
					"$(inherited)",
					"@executable_path/../Frameworks",
					"@loader_path/../Frameworks",
				);
				PRODUCT_BUNDLE_IDENTIFIER = l2.l2qqTests;
				PRODUCT_NAME = "$(TARGET_NAME)";
				SWIFT_VERSION = 4.2;
				TEST_HOST = "$(BUILT_PRODUCTS_DIR)/l2qq.app/Contents/MacOS/l2qq";
			};
			name = Release;
		};
		8931A8EA2138578400BD2037 /* Debug */ = {
			isa = XCBuildConfiguration;
			buildSettings = {
				ALWAYS_EMBED_SWIFT_STANDARD_LIBRARIES = YES;
				CODE_SIGN_STYLE = Automatic;
				COMBINE_HIDPI_IMAGES = YES;
				DEVELOPMENT_TEAM = UM224Y25DY;
				INFOPLIST_FILE = l2qqUITests/Info.plist;
				LD_RUNPATH_SEARCH_PATHS = (
					"$(inherited)",
					"@executable_path/../Frameworks",
					"@loader_path/../Frameworks",
				);
				PRODUCT_BUNDLE_IDENTIFIER = l2.l2qqUITests;
				PRODUCT_NAME = "$(TARGET_NAME)";
				SWIFT_VERSION = 4.2;
				TEST_TARGET_NAME = l2qq;
			};
			name = Debug;
		};
		8931A8EB2138578400BD2037 /* Release */ = {
			isa = XCBuildConfiguration;
			buildSettings = {
				ALWAYS_EMBED_SWIFT_STANDARD_LIBRARIES = YES;
				CODE_SIGN_STYLE = Automatic;
				COMBINE_HIDPI_IMAGES = YES;
				DEVELOPMENT_TEAM = UM224Y25DY;
				INFOPLIST_FILE = l2qqUITests/Info.plist;
				LD_RUNPATH_SEARCH_PATHS = (
					"$(inherited)",
					"@executable_path/../Frameworks",
					"@loader_path/../Frameworks",
				);
				PRODUCT_BUNDLE_IDENTIFIER = l2.l2qqUITests;
				PRODUCT_NAME = "$(TARGET_NAME)";
				SWIFT_VERSION = 4.2;
				TEST_TARGET_NAME = l2qq;
			};
			name = Release;
		};
		8931A9062138579F00BD2037 /* Debug */ = {
			isa = XCBuildConfiguration;
			buildSettings = {
				CODE_SIGN_ENTITLEMENTS = signapp/signapp.entitlements;
				CODE_SIGN_STYLE = Automatic;
				DEVELOPMENT_TEAM = UM224Y25DY;
				INFOPLIST_FILE = signapp/Info.plist;
				LD_RUNPATH_SEARCH_PATHS = (
					"$(inherited)",
					"@executable_path/../Frameworks",
					"@executable_path/../../../../Frameworks",
				);
				PRODUCT_BUNDLE_IDENTIFIER = l2.l2qq.signapp;
				PRODUCT_NAME = "$(TARGET_NAME)";
				SKIP_INSTALL = YES;
				SWIFT_VERSION = 4.2;
			};
			name = Debug;
		};
		8931A9072138579F00BD2037 /* Release */ = {
			isa = XCBuildConfiguration;
			buildSettings = {
				CODE_SIGN_ENTITLEMENTS = signapp/signapp.entitlements;
				CODE_SIGN_STYLE = Automatic;
				DEVELOPMENT_TEAM = UM224Y25DY;
				INFOPLIST_FILE = signapp/Info.plist;
				LD_RUNPATH_SEARCH_PATHS = (
					"$(inherited)",
					"@executable_path/../Frameworks",
					"@executable_path/../../../../Frameworks",
				);
				PRODUCT_BUNDLE_IDENTIFIER = l2.l2qq.signapp;
				PRODUCT_NAME = "$(TARGET_NAME)";
				SKIP_INSTALL = YES;
				SWIFT_VERSION = 4.2;
			};
			name = Release;
		};
/* End XCBuildConfiguration section */

/* Begin XCConfigurationList section */
		8931A8B82138578200BD2037 /* Build configuration list for PBXProject "l2qq" */ = {
			isa = XCConfigurationList;
			buildConfigurations = (
				8931A8E12138578400BD2037 /* Debug */,
				8931A8E22138578400BD2037 /* Release */,
			);
			defaultConfigurationIsVisible = 0;
			defaultConfigurationName = Release;
		};
		8931A8E32138578400BD2037 /* Build configuration list for PBXNativeTarget "l2qq" */ = {
			isa = XCConfigurationList;
			buildConfigurations = (
				8931A8E42138578400BD2037 /* Debug */,
				8931A8E52138578400BD2037 /* Release */,
			);
			defaultConfigurationIsVisible = 0;
			defaultConfigurationName = Release;
		};
		8931A8E62138578400BD2037 /* Build configuration list for PBXNativeTarget "l2qqTests" */ = {
			isa = XCConfigurationList;
			buildConfigurations = (
				8931A8E72138578400BD2037 /* Debug */,
				8931A8E82138578400BD2037 /* Release */,
			);
			defaultConfigurationIsVisible = 0;
			defaultConfigurationName = Release;
		};
		8931A8E92138578400BD2037 /* Build configuration list for PBXNativeTarget "l2qqUITests" */ = {
			isa = XCConfigurationList;
			buildConfigurations = (
				8931A8EA2138578400BD2037 /* Debug */,
				8931A8EB2138578400BD2037 /* Release */,
			);
			defaultConfigurationIsVisible = 0;
			defaultConfigurationName = Release;
		};
		8931A9052138579F00BD2037 /* Build configuration list for PBXNativeTarget "signapp" */ = {
			isa = XCConfigurationList;
			buildConfigurations = (
				8931A9062138579F00BD2037 /* Debug */,
				8931A9072138579F00BD2037 /* Release */,
			);
			defaultConfigurationIsVisible = 0;
			defaultConfigurationName = Release;
		};
/* End XCConfigurationList section */
	};
	rootObject = 8931A8B52138578200BD2037 /* Project object */;
}
